
Microsoft Visual Studio Solution File, Format Version 12.00
# Visual Studio Version 16
VisualStudioVersion = 16.0.31112.23
MinimumVisualStudioVersion = 10.0.40219.1
Project("{9A19103F-16F7-4668-BE54-9A1E7A4F7556}") = "CoreWebApi", "CoreWebApi.csproj", "{92D7AFB4-F2D9-444D-875B-3C9F64D4FA27}"
EndProject
Project("{FAE04EC0-301F-11D3-BF4B-00C04F79EFBC}") = "DataModel", "..\DataModel\DataModel.csproj", "{ADBE5A56-F217-43B3-B043-A8FD1021F029}"
EndProject
Global
	GlobalSection(SolutionConfigurationPlatforms) = preSolution
		Debug|Any CPU = Debug|Any CPU
		Release|Any CPU = Release|Any CPU
	EndGlobalSection
	GlobalSection(ProjectConfigurationPlatforms) = postSolution
		{92D7AFB4-F2D9-444D-875B-3C9F64D4FA27}.Debug|Any CPU.ActiveCfg = Debug|Any CPU
		{92D7AFB4-F2D9-444D-875B-3C9F64D4FA27}.Debug|Any CPU.Build.0 = Debug|Any CPU
		{92D7AFB4-F2D9-444D-875B-3C9F64D4FA27}.Release|Any CPU.ActiveCfg = Release|Any CPU
		{92D7AFB4-F2D9-444D-875B-3C9F64D4FA27}.Release|Any CPU.Build.0 = Release|Any CPU
		{ADBE5A56-F217-43B3-B043-A8FD1021F029}.Debug|Any CPU.ActiveCfg = Debug|Any CPU
		{ADBE5A56-F217-43B3-B043-A8FD1021F029}.Debug|Any CPU.Build.0 = Debug|Any CPU
		{ADBE5A56-F217-43B3-B043-A8FD1021F029}.Release|Any CPU.ActiveCfg = Release|Any CPU
		{ADBE5A56-F217-43B3-B043-A8FD1021F029}.Release|Any CPU.Build.0 = Release|Any CPU
	EndGlobalSection
	GlobalSection(SolutionProperties) = preSolution
		HideSolutionNode = FALSE
	EndGlobalSection
	GlobalSection(ExtensibilityGlobals) = postSolution
		SolutionGuid = {AC94EC2C-85AD-4D49-8C70-CDDE373FB611}
	EndGlobalSection
EndGlobal
